
Microsoft Visual Studio Solution File, Format Version 12.00
# Visual Studio Version 17
VisualStudioVersion = 17.7.34024.191
MinimumVisualStudioVersion = 10.0.40219.1
Project("{9A19103F-16F7-4668-BE54-9A1E7A4F7556}") = "AccountingDataModels", "AccountingDataModels\AccountingDataModels.csproj", "{B3D739F0-93B9-4F61-B1D5-B1FBEF700FCA}"
EndProject
Project("{9A19103F-16F7-4668-BE54-9A1E7A4F7556}") = "AccountingContracts", "AccountingContracts\AccountingContracts.csproj", "{EC1D744D-C877-46BB-AC47-361F9432598D}"
EndProject
Project("{9A19103F-16F7-4668-BE54-9A1E7A4F7556}") = "AccountingDataBaseImplemet", "AccountingDataBaseImplemet\AccountingDataBaseImplemet.csproj", "{9CA6A11F-21AD-40E3-9D09-B20EC1AF00E2}"
EndProject
Project("{9A19103F-16F7-4668-BE54-9A1E7A4F7556}") = "AccountingBussinessLogic", "AccountingBussinessLogic\AccountingBussinessLogic.csproj", "{2EC77189-0321-4085-B6E5-58870A063D93}"
EndProject
Project("{FAE04EC0-301F-11D3-BF4B-00C04F79EFBC}") = "AccountingMain", "AccountingMain\AccountingMain.csproj", "{194BC0FA-A498-4140-8A1E-74B23F69EE96}"
EndProject
Global
	GlobalSection(SolutionConfigurationPlatforms) = preSolution
		Debug|Any CPU = Debug|Any CPU
		Release|Any CPU = Release|Any CPU
	EndGlobalSection
	GlobalSection(ProjectConfigurationPlatforms) = postSolution
		{B3D739F0-93B9-4F61-B1D5-B1FBEF700FCA}.Debug|Any CPU.ActiveCfg = Debug|Any CPU
		{B3D739F0-93B9-4F61-B1D5-B1FBEF700FCA}.Debug|Any CPU.Build.0 = Debug|Any CPU
		{B3D739F0-93B9-4F61-B1D5-B1FBEF700FCA}.Release|Any CPU.ActiveCfg = Release|Any CPU
		{B3D739F0-93B9-4F61-B1D5-B1FBEF700FCA}.Release|Any CPU.Build.0 = Release|Any CPU
		{EC1D744D-C877-46BB-AC47-361F9432598D}.Debug|Any CPU.ActiveCfg = Debug|Any CPU
		{EC1D744D-C877-46BB-AC47-361F9432598D}.Debug|Any CPU.Build.0 = Debug|Any CPU
		{EC1D744D-C877-46BB-AC47-361F9432598D}.Release|Any CPU.ActiveCfg = Release|Any CPU
		{EC1D744D-C877-46BB-AC47-361F9432598D}.Release|Any CPU.Build.0 = Release|Any CPU
		{9CA6A11F-21AD-40E3-9D09-B20EC1AF00E2}.Debug|Any CPU.ActiveCfg = Debug|Any CPU
		{9CA6A11F-21AD-40E3-9D09-B20EC1AF00E2}.Debug|Any CPU.Build.0 = Debug|Any CPU
		{9CA6A11F-21AD-40E3-9D09-B20EC1AF00E2}.Release|Any CPU.ActiveCfg = Release|Any CPU
		{9CA6A11F-21AD-40E3-9D09-B20EC1AF00E2}.Release|Any CPU.Build.0 = Release|Any CPU
		{2EC77189-0321-4085-B6E5-58870A063D93}.Debug|Any CPU.ActiveCfg = Debug|Any CPU
		{2EC77189-0321-4085-B6E5-58870A063D93}.Debug|Any CPU.Build.0 = Debug|Any CPU
		{2EC77189-0321-4085-B6E5-58870A063D93}.Release|Any CPU.ActiveCfg = Release|Any CPU
		{2EC77189-0321-4085-B6E5-58870A063D93}.Release|Any CPU.Build.0 = Release|Any CPU
		{194BC0FA-A498-4140-8A1E-74B23F69EE96}.Debug|Any CPU.ActiveCfg = Debug|Any CPU
		{194BC0FA-A498-4140-8A1E-74B23F69EE96}.Debug|Any CPU.Build.0 = Debug|Any CPU
		{194BC0FA-A498-4140-8A1E-74B23F69EE96}.Release|Any CPU.ActiveCfg = Release|Any CPU
		{194BC0FA-A498-4140-8A1E-74B23F69EE96}.Release|Any CPU.Build.0 = Release|Any CPU
	EndGlobalSection
	GlobalSection(SolutionProperties) = preSolution
		HideSolutionNode = FALSE
	EndGlobalSection
	GlobalSection(ExtensibilityGlobals) = postSolution
		SolutionGuid = {5A386E8F-5563-4B1A-8C71-97AED0739D83}
	EndGlobalSection
EndGlobal
